
Microsoft Visual Studio Solution File, Format Version 12.00
# Visual Studio 15
VisualStudioVersion = 15.0.27130.2027
MinimumVisualStudioVersion = 10.0.40219.1
Project("{FAE04EC0-301F-11D3-BF4B-00C04F79EFBC}") = "Task1", "Task1\Task1.csproj", "{15CE6464-BC31-4A44-9E6B-FDBE700B863F}"
EndProject
Global
	GlobalSection(SolutionConfigurationPlatforms) = preSolution
		Debug|Any CPU = Debug|Any CPU
		Release|Any CPU = Release|Any CPU
	EndGlobalSection
	GlobalSection(ProjectConfigurationPlatforms) = postSolution
		{15CE6464-BC31-4A44-9E6B-FDBE700B863F}.Debug|Any CPU.ActiveCfg = Debug|Any CPU
		{15CE6464-BC31-4A44-9E6B-FDBE700B863F}.Debug|Any CPU.Build.0 = Debug|Any CPU
		{15CE6464-BC31-4A44-9E6B-FDBE700B863F}.Release|Any CPU.ActiveCfg = Release|Any CPU
		{15CE6464-BC31-4A44-9E6B-FDBE700B863F}.Release|Any CPU.Build.0 = Release|Any CPU
	EndGlobalSection
	GlobalSection(SolutionProperties) = preSolution
		HideSolutionNode = FALSE
	EndGlobalSection
	GlobalSection(ExtensibilityGlobals) = postSolution
		SolutionGuid = {2DB5C647-BA89-4D7B-829D-F8B9913EEAD6}
	EndGlobalSection
EndGlobal
